
Microsoft Visual Studio Solution File, Format Version 12.00
# Visual Studio Version 17
VisualStudioVersion = 17.8.34525.116
MinimumVisualStudioVersion = 10.0.40219.1
Project("{FAE04EC0-301F-11D3-BF4B-00C04F79EFBC}") = "JSONtoCsharpConverter", "JSONtoCsharpConverter.csproj", "{BA41A4FC-7AED-43FF-A918-F8440EBC3372}"
EndProject
Global
	GlobalSection(SolutionConfigurationPlatforms) = preSolution
		Debug|Any CPU = Debug|Any CPU
		Release|Any CPU = Release|Any CPU
	EndGlobalSection
	GlobalSection(ProjectConfigurationPlatforms) = postSolution
		{BA41A4FC-7AED-43FF-A918-F8440EBC3372}.Debug|Any CPU.ActiveCfg = Debug|Any CPU
		{BA41A4FC-7AED-43FF-A918-F8440EBC3372}.Debug|Any CPU.Build.0 = Debug|Any CPU
		{BA41A4FC-7AED-43FF-A918-F8440EBC3372}.Release|Any CPU.ActiveCfg = Release|Any CPU
		{BA41A4FC-7AED-43FF-A918-F8440EBC3372}.Release|Any CPU.Build.0 = Release|Any CPU
	EndGlobalSection
	GlobalSection(SolutionProperties) = preSolution
		HideSolutionNode = FALSE
	EndGlobalSection
	GlobalSection(ExtensibilityGlobals) = postSolution
		SolutionGuid = {6393C995-8C89-41E9-A177-6B7082F4AADE}
	EndGlobalSection
EndGlobal
